{
  "meteor": {},
  "dependencies": {
    "basePackages": {
      "facebook-sdk": {},
      "bootstrap-3": {}
    },
    "packages": {
      "facebook-sdk": {
        "git": "https://github.com/hugesuccess/facebook-sdk.git",
        "tag": "v0.0.44",
        "commit": "cb71b860085ec6453b61644b31f6351e7de2c1b0"
      },
      "bootstrap-3": {
        "git": "https://github.com/mangasocial/meteor-bootstrap-3.git",
        "tag": "v3.2.0-1",
        "commit": "17a63902fc6cf1096c5289d963c66cf28b474727"
      }
    }
  }
}
